
Microsoft Visual Studio Solution File, Format Version 12.00
Project("{FAE04EC0-301F-11D3-BF4B-00C04F79EFBC}") = "Common", "src\Common\Common.csproj", "{9FE86489-B4CF-4DF1-8668-3DC325B5CB70}"
EndProject
Project("{FAE04EC0-301F-11D3-BF4B-00C04F79EFBC}") = "InternalServices", "src\InternalServices\InternalServices.csproj", "{36234290-F9F7-494E-82E9-ACD8DA3EE146}"
EndProject
Project("{FAE04EC0-301F-11D3-BF4B-00C04F79EFBC}") = "WebAPI", "src\WebAPI\WebAPI.csproj", "{44A2EBB4-F756-4021-8E73-363C4AA5FDCE}"
EndProject
Project("{FAE04EC0-301F-11D3-BF4B-00C04F79EFBC}") = "Tests", "src\Tests\Tests.csproj", "{8B84A720-C12C-404B-8F04-B15F6CA8750C}"
EndProject
Global
	GlobalSection(SolutionConfigurationPlatforms) = preSolution
		Debug|Any CPU = Debug|Any CPU
		Release|Any CPU = Release|Any CPU
	EndGlobalSection
	GlobalSection(ProjectConfigurationPlatforms) = postSolution
		{9FE86489-B4CF-4DF1-8668-3DC325B5CB70}.Debug|Any CPU.ActiveCfg = Debug|Any CPU
		{9FE86489-B4CF-4DF1-8668-3DC325B5CB70}.Debug|Any CPU.Build.0 = Debug|Any CPU
		{9FE86489-B4CF-4DF1-8668-3DC325B5CB70}.Release|Any CPU.ActiveCfg = Release|Any CPU
		{9FE86489-B4CF-4DF1-8668-3DC325B5CB70}.Release|Any CPU.Build.0 = Release|Any CPU
		{36234290-F9F7-494E-82E9-ACD8DA3EE146}.Debug|Any CPU.ActiveCfg = Debug|Any CPU
		{36234290-F9F7-494E-82E9-ACD8DA3EE146}.Debug|Any CPU.Build.0 = Debug|Any CPU
		{36234290-F9F7-494E-82E9-ACD8DA3EE146}.Release|Any CPU.ActiveCfg = Release|Any CPU
		{36234290-F9F7-494E-82E9-ACD8DA3EE146}.Release|Any CPU.Build.0 = Release|Any CPU
		{44A2EBB4-F756-4021-8E73-363C4AA5FDCE}.Debug|Any CPU.ActiveCfg = Debug|Any CPU
		{44A2EBB4-F756-4021-8E73-363C4AA5FDCE}.Debug|Any CPU.Build.0 = Debug|Any CPU
		{44A2EBB4-F756-4021-8E73-363C4AA5FDCE}.Release|Any CPU.ActiveCfg = Release|Any CPU
		{44A2EBB4-F756-4021-8E73-363C4AA5FDCE}.Release|Any CPU.Build.0 = Release|Any CPU
		{8B84A720-C12C-404B-8F04-B15F6CA8750C}.Debug|Any CPU.ActiveCfg = Debug|Any CPU
		{8B84A720-C12C-404B-8F04-B15F6CA8750C}.Debug|Any CPU.Build.0 = Debug|Any CPU
		{8B84A720-C12C-404B-8F04-B15F6CA8750C}.Release|Any CPU.ActiveCfg = Release|Any CPU
		{8B84A720-C12C-404B-8F04-B15F6CA8750C}.Release|Any CPU.Build.0 = Release|Any CPU
	EndGlobalSection
EndGlobal
